
Microsoft Visual Studio Solution File, Format Version 12.00
# Visual Studio 15
VisualStudioVersion = 15.0.27130.2020
MinimumVisualStudioVersion = 10.0.40219.1
Project("{FAE04EC0-301F-11D3-BF4B-00C04F79EFBC}") = "Ks.Task1", "Ks.Task1\Ks.Task1.csproj", "{22995714-2390-4E01-8E04-6C414E2C0042}"
EndProject
Project("{FAE04EC0-301F-11D3-BF4B-00C04F79EFBC}") = "Ks.Task2", "Ks.Task2\Ks.Task2.csproj", "{262BD7CF-A39E-4D34-A1A6-D4D7B713F49E}"
EndProject
Global
	GlobalSection(SolutionConfigurationPlatforms) = preSolution
		Debug|Any CPU = Debug|Any CPU
		Release|Any CPU = Release|Any CPU
	EndGlobalSection
	GlobalSection(ProjectConfigurationPlatforms) = postSolution
		{22995714-2390-4E01-8E04-6C414E2C0042}.Debug|Any CPU.ActiveCfg = Debug|Any CPU
		{22995714-2390-4E01-8E04-6C414E2C0042}.Debug|Any CPU.Build.0 = Debug|Any CPU
		{22995714-2390-4E01-8E04-6C414E2C0042}.Release|Any CPU.ActiveCfg = Release|Any CPU
		{22995714-2390-4E01-8E04-6C414E2C0042}.Release|Any CPU.Build.0 = Release|Any CPU
		{262BD7CF-A39E-4D34-A1A6-D4D7B713F49E}.Debug|Any CPU.ActiveCfg = Debug|Any CPU
		{262BD7CF-A39E-4D34-A1A6-D4D7B713F49E}.Debug|Any CPU.Build.0 = Debug|Any CPU
		{262BD7CF-A39E-4D34-A1A6-D4D7B713F49E}.Release|Any CPU.ActiveCfg = Release|Any CPU
		{262BD7CF-A39E-4D34-A1A6-D4D7B713F49E}.Release|Any CPU.Build.0 = Release|Any CPU
	EndGlobalSection
	GlobalSection(SolutionProperties) = preSolution
		HideSolutionNode = FALSE
	EndGlobalSection
	GlobalSection(ExtensibilityGlobals) = postSolution
		SolutionGuid = {3549DCE3-D4AD-470A-BFFE-15BFBDA8888D}
	EndGlobalSection
EndGlobal
